#MicroXplorer Configuration settings - do not modify
ADC3.InjectedSamplingTime-6\#ChannelInjectedConversion=ADC_SAMPLETIME_12CYCLES_5
Dma.SPI3_TX.0.Priority=DMA_PRIORITY_LOW
NVIC.ADC1_2_IRQn=true\:0\:0\:false\:false\:true\:true\:true
ADC5.IPParameters=ClockPrescaler,EnableRegularConversion,EnableInjectedConversion,Overrun,InjectedRank-5\#ChannelInjectedConversion,InjectedChannel-5\#ChannelInjectedConversion,Rank1_Channel,InjectedSamplingTime-5\#ChannelInjectedConversion,InjectedOffsetNumber-5\#ChannelInjectedConversion,InjNumberOfConversion,ExternalTrigInjecConv
RCC.USART1Freq_Value=170000000
SPI3.Direction=SPI_DIRECTION_2LINES
SPI3.VirtualType=VM_MASTER
SPI1.VirtualType=VM_MASTER
ADC3.ExternalTrigInjecConv=ADC_EXTERNALTRIGINJEC_HRTIM_TRG5
PC12.Locked=true
TIM1.IPParameters=PeriodNoDither
PC12.Signal=GPIO_Output
USART1.WordLength=WORDLENGTH_8B
PA14.GPIO_Label=T_SWCLK
ADC1.OffsetNumber-10\#ChannelRegularConversion=ADC_OFFSET_NONE
ADC4.EnableInjectedConversion=ENABLE
PC3.Locked=true
RCC.RTCFreq_Value=32768
PD2.GPIOParameters=GPIO_Speed,GPIO_Label
PC5.Mode=Asynchronous
USART1.IPParameters=VirtualMode-Asynchronous,WordLength
SPI1.TIMode=SPI_TIMODE_ENABLE
PB13.Signal=SharedAnalog_PB13
HRTIM1.OCPulse_TD1=hrperiod/2
PinOutPanel.RotationAngle=0
PB3.GPIO_Speed=GPIO_SPEED_FREQ_VERY_HIGH
RCC.MCO1PinFreq_Value=16000000
RCC.SYSCLKSource=RCC_SYSCLKSOURCE_PLLCLK
SH.SharedAnalog_PB13.1=OPAMP3_VINP,Follower_Internally_Connected
ADC4.IPParameters=ClockPrescaler,EnableRegularConversion,Overrun,EnableInjectedConversion,InjectedRank-3\#ChannelInjectedConversion,InjectedChannel-3\#ChannelInjectedConversion,Rank1_Channel,InjectedSamplingTime-3\#ChannelInjectedConversion,InjectedOffsetNumber-3\#ChannelInjectedConversion,InjNumberOfConversion,ExternalTrigInjecConv
RCC.LPTIM1Freq_Value=170000000
NVIC.SVCall_IRQn=true\:0\:0\:false\:false\:true\:false\:false
SH.SharedAnalog_PB13.0=ADC3_IN5,IN5-Single-Ended
ADC5.InjectedOffsetNumber-5\#ChannelInjectedConversion=ADC_OFFSET_NONE
PA4.Mode=NSS_Signal_Hard_Output
ADC3.EnableInjectedOversampling=DISABLE
ADC5.Rank1_Channel=ADC_CHANNEL_VOPAMP4
SPI1.Direction=SPI_DIRECTION_2LINES
RCC.I2C4Freq_Value=170000000
RCC.APB2TimFreq_Value=170000000
ADC5.InjNumberOfConversion=1
PC7.Signal=HRTIM1_CHF2
ADC1.InjNumberOfConversion=2
ADC1.InjectedRank-9\#ChannelInjectedConversion=2
RCC.ADC345CLockSelection=RCC_ADC345CLKSOURCE_PLL
ADC1.InjectedOffsetNumber-9\#ChannelInjectedConversion=ADC_OFFSET_NONE
SPI1.CalculateBaudRate=2.65625 MBits/s
PC3.Signal=ADC1_IN9
VP_ADC3_OPAMP_INTERNAL3.Signal=ADC3_OPAMP_INTERNAL3
Dma.SPI3_TX.0.Direction=DMA_MEMORY_TO_PERIPH
RCC.PREFETCH_ENABLE=1
PB13.Locked=true
ADC1.InjectedChannel-9\#ChannelInjectedConversion=ADC_CHANNEL_11
Dma.SPI3_TX.0.SignalID=NONE
RCC.USART3Freq_Value=170000000
ProjectManager.ProjectBuild=false
NVIC.UsageFault_IRQn=true\:0\:0\:false\:false\:true\:false\:false
Dma.SPI3_TX.0.SyncRequestNumber=1
PA0.Locked=true
PB3.Mode=Full_Duplex_Master
PA4.Locked=true
RCC.ADC12Freq_Value=56666666.666666664
RCC.RTCClockSelection=RCC_RTCCLKSOURCE_LSE
ProjectManager.FirmwarePackage=STM32Cube FW_G4 V1.2.0
MxDb.Version=DB.5.0.60
HRTIM1.EnableCalibration=DLLSimpleCalibration
ProjectManager.BackupPrevious=false
PC4.GPIO_Label=USART1_TX [STLINKV3E_VCP_RX]
PF0-OSC_IN.Locked=true
PB14.Mode=Output_TD1TD2
SPI1.DataSize=SPI_DATASIZE_16BIT
PC9.Mode=Output_TE1TE2
ADC3.IPParameters=EnableRegularConversion,EnableInjectedConversion,InjectedRank-5\#ChannelInjectedConversion,InjectedChannel-5\#ChannelInjectedConversion,InjectedSamplingTime-5\#ChannelInjectedConversion,InjectedOffsetNumber-5\#ChannelInjectedConversion,InjNumberOfConversion,ExternalTrigInjecConv,EnableInjectedOversampling,EOCSelection,Overrun,ClockPrescaler,InjectedRank-6\#ChannelInjectedConversion,InjectedChannel-6\#ChannelInjectedConversion,InjectedSamplingTime-6\#ChannelInjectedConversion,InjectedOffsetNumber-6\#ChannelInjectedConversion,master,Rank2_Channel,Rank3_Channel,Rank4_Channel,Rank1_Channel
PC11.GPIO_Speed=GPIO_SPEED_FREQ_VERY_HIGH
SH.S_TIM4_CH2.0=TIM4_CH2,PWM Generation2 CH2
HRTIM1.Source_ADCTrigger5=HRTIM_ADCTRIGGEREVENT579_TIMERF_PERIOD
ADC4.Rank1_Channel=ADC_CHANNEL_VOPAMP6
ADC5.EnableRegularConversion=DISABLE
RCC.PLLRCLKFreq_Value=170000000
SPI1.VirtualNSS=VM_NSSHARD
NVIC.PendSV_IRQn=true\:0\:0\:false\:false\:true\:false\:false
SH.S_TIM5_CH2.ConfNb=1
ProjectManager.HalAssertFull=false
VP_TIM1_VS_ClockSourceINT.Mode=Internal
TIM5.IC1Filter=1
PA0.Signal=S_TIM5_CH1
ADC3.InjectedSamplingTime-5\#ChannelInjectedConversion=ADC_SAMPLETIME_12CYCLES_5
PB9.Signal=GPIO_Output
Mcu.Package=LQFP64
PA5.Locked=true
ADC1.EnableInjectedConversion=ENABLE
SPI3.Mode=SPI_MODE_MASTER
ADC2.Overrun=ADC_OVR_DATA_OVERWRITTEN
PA14.Locked=true
VP_SYS_VS_Systick.Signal=SYS_VS_Systick
Dma.SPI3_RX.1.MemInc=DMA_MINC_ENABLE
RCC.LSCOPinFreq_Value=32000
ADC3.Rank4_Channel=ADC_CHANNEL_VOPAMP3_ADC3
VP_ADC5_OPAMP_INTERNAL4.Mode=IN-OPAMP4
NVIC.USB_LP_IRQn=true\:0\:0\:false\:false\:true\:true\:true
HRTIM1.NumberADCTriggerSource2=1
PB5.GPIO_Speed=GPIO_SPEED_FREQ_VERY_HIGH
ADC3.InjectedOffsetNumber-5\#ChannelInjectedConversion=ADC_OFFSET_NONE
HRTIM1.NumberADCTriggerSource1=1
RCC.PLLPoutputFreq_Value=56666666.666666664
RCC.APB1TimFreq_Value=170000000
NVIC.BusFault_IRQn=true\:0\:0\:false\:false\:true\:false\:false
TIM5.ICFilter_CH3=2
RCC.LPUART1Freq_Value=170000000
OPAMP3.IPParameters=PowerMode
ADC1.EOCSelection=ADC_EOC_SEQ_CONV
ProjectManager.CustomerFirmwarePackage=
PC4.GPIOParameters=GPIO_Label
PF1-OSC_OUT.Signal=RCC_OSC_OUT
PC4.Mode=Asynchronous
RCC.HSI48_VALUE=48000000
RCC.HRTIM1Freq_Value=170000000
PA5.Mode=Full_Duplex_Master
ADC1.Channel-10\#ChannelRegularConversion=ADC_CHANNEL_9
Dma.SPI3_RX.1.PeriphDataAlignment=DMA_PDATAALIGN_BYTE
ADC2.InjectedSamplingTime-7\#ChannelInjectedConversion=ADC_SAMPLETIME_2CYCLES_5
RCC.PLLQoutputFreq_Value=42500000
ProjectManager.ProjectFileName=bort2.ioc
TIM5.IPParameters=Channel-Input_Capture3_from_TI3,ICFilter_CH3,IC1Filter,IC2Filter,EncoderMode,PeriodNoDither
PA15.GPIOParameters=GPIO_Speed,PinState,GPIO_Label
Mcu.PinsNb=48
PC11.Locked=true
ADC2.InjectedRank-7\#ChannelInjectedConversion=1
ADC1.IPParameters=EnableRegularConversion,EnableInjectedConversion,InjectedRank-7\#ChannelInjectedConversion,InjectedChannel-7\#ChannelInjectedConversion,InjectedSamplingTime-7\#ChannelInjectedConversion,InjectedOffsetNumber-7\#ChannelInjectedConversion,InjNumberOfConversion,ExternalTrigInjecConv,EOCSelection,Overrun,ClockPrescaler,InjectedRank-9\#ChannelInjectedConversion,InjectedChannel-9\#ChannelInjectedConversion,InjectedSamplingTime-9\#ChannelInjectedConversion,InjectedOffsetNumber-9\#ChannelInjectedConversion,Rank-10\#ChannelRegularConversion,Channel-10\#ChannelRegularConversion,SamplingTime-10\#ChannelRegularConversion,OffsetNumber-10\#ChannelRegularConversion,NbrOfConversionFlag,ExternalTrigConv,NbrOfConversion,master
HRTIM1.UpDownMode-Output_TD1TD2=HRTIM_TIMERUPDOWNMODE_UPDOWN
PC2.Signal=GPIO_Input
PC6.Signal=HRTIM1_CHF1
ADC3.EnableInjectedConversion=ENABLE
Dma.SPI3_TX.0.RequestNumber=1
PC0.Signal=GPIO_Input
SH.SharedAnalog_PB11.ConfNb=2
PB14.Locked=true
PC14-OSC32_IN.Signal=RCC_OSC32_IN
PC11.GPIOParameters=GPIO_Speed,PinState,GPIO_Label
RCC.QSPIFreq_Value=170000000
SH.SharedAnalog_PB13.ConfNb=2
Dma.SPI3_RX.1.Instance=DMA1_Channel2
Dma.SPI3_RX.1.MemDataAlignment=DMA_MDATAALIGN_BYTE
ADC5.Overrun=ADC_OVR_DATA_OVERWRITTEN
ADC3.InjectedRank-6\#ChannelInjectedConversion=2
ADC1.InjectedRank-7\#ChannelInjectedConversion=1
PA15.Locked=true
PC15-OSC32_OUT.Locked=true
OPAMP4.IPParameters=PowerMode
ADC4.EnableRegularConversion=DISABLE
PG10-NRST.Signal=GPIO_Input
PC12.PinState=GPIO_PIN_RESET
OPAMP6.IPParameters=PowerMode
TIM4.IPParameters=PeriodNoDither,Channel-PWM Generation2 CH2
PC6.Mode=Output_TF1TF2
ADC2.IPParameters=ClockPrescaler,EnableInjectedConversion,InjNumberOfConversion,InjectedRank-7\#ChannelInjectedConversion,InjectedChannel-7\#ChannelInjectedConversion,Rank1_Channel,InjectedSamplingTime-7\#ChannelInjectedConversion,InjectedOffsetNumber-7\#ChannelInjectedConversion,ExternalTrigInjecConv,Overrun,EnableRegularConversion
ADC4.InjectedOffsetNumber-3\#ChannelInjectedConversion=ADC_OFFSET_NONE
VP_TIM1_VS_ClockSourceINT.Signal=TIM1_VS_ClockSourceINT
SH.S_TIM5_CH3.ConfNb=1
PB5.Locked=true
PB9.Locked=true
Dma.SPI3_RX.1.SyncPolarity=HAL_DMAMUX_SYNC_NO_EVENT
Dma.SPI3_TX.0.PeriphInc=DMA_PINC_DISABLE
HRTIM1.Adrom_TF=HRTIM_TIM_ADROM_VALLEY
Mcu.Pin46=VP_SYS_VS_DBSignals
Mcu.Pin47=VP_TIM1_VS_ClockSourceINT
PB14.Signal=HRTIM1_CHD1
PA5.Signal=SPI1_SCK
Mcu.Pin40=PB9
Mcu.Pin41=VP_ADC3_OPAMP_INTERNAL3
Mcu.Pin44=VP_RCC_VS_USB
ADC1.InjectedSamplingTime-9\#ChannelInjectedConversion=ADC_SAMPLETIME_6CYCLES_5
Mcu.Pin45=VP_SYS_VS_Systick
Mcu.Pin42=VP_ADC4_OPAMP_INTERNAL6
ADC2.InjectedChannel-7\#ChannelInjectedConversion=ADC_CHANNEL_14
Mcu.Pin43=VP_ADC5_OPAMP_INTERNAL4
NVIC.HRTIM1_Master_IRQn=true\:0\:0\:false\:false\:true\:false\:true
ProjectManager.LastFirmware=true
RCC.ADC345Freq_Value=56666666.666666664
ADC3.Rank3_Channel=ADC_CHANNEL_5
SH.SharedAnalog_PB12.1=ADC1_IN11,IN11-Single-Ended
Dma.SPI3_RX.1.EventEnable=DISABLE
SH.SharedAnalog_PB12.0=OPAMP6_VINP,Follower_Internally_Connected
Mcu.Pin37=PB4
Mcu.Pin38=PB5
Dma.SPI3_RX.1.SyncRequestNumber=1
Mcu.Pin35=PD2
RCC.I2C1Freq_Value=170000000
Mcu.Pin36=PB3
SPI1.Mode=SPI_MODE_MASTER
VP_SYS_VS_DBSignals.Signal=SYS_VS_DBSignals
Mcu.Pin39=PB7
HRTIM1.OCChannel_TE1=HRTIM_OUTPUT_TE1
RCC.RNGFreq_Value=48000000
PC2.GPIOParameters=GPIO_Label
Mcu.Pin30=PA14
Mcu.Pin33=PC11
Mcu.Pin34=PC12
Mcu.Pin31=PA15
HRTIM1.PWMChannel_TF2=__NULL
Mcu.Pin32=PC10
HRTIM1.PWMChannel_TF1=__NULL
NVIC.NonMaskableInt_IRQn=true\:0\:0\:false\:false\:true\:false\:false
PC10.GPIOParameters=GPIO_Label
ADC1.SamplingTime-10\#ChannelRegularConversion=ADC_SAMPLETIME_92CYCLES_5
Dma.SPI3_TX.0.Instance=DMA1_Channel1
ADC4.ClockPrescaler=ADC_CLOCK_SYNC_PCLK_DIV4
ProjectManager.FreePins=false
Mcu.Pin26=PC9
Mcu.Pin27=PA11
Mcu.Pin24=PC7
ProjectManager.UnderRoot=false
Mcu.Pin25=PC8
ADC1.ExternalTrigConv=ADC_EXTERNALTRIG_HRTIM_TRG5
Mcu.Pin28=PA12
HRTIM1.OCChannel_TF1=HRTIM_OUTPUT_TF1
PC8.Mode=Output_TE1TE2
Mcu.Pin29=PA13
HRTIM1.OCChannel_TF2=__NULL
PB4.Locked=true
PA4.Signal=SPI1_NSS
Mcu.Pin22=PB15
PB5.Signal=SPI3_MOSI
Mcu.Pin23=PC6
Mcu.Pin20=PB13
ADC1.master=1
Mcu.Pin21=PB14
Dma.SPI3_TX.0.Mode=DMA_NORMAL
NVIC.ForceEnableDMAVector=true
PA14.GPIOParameters=GPIO_Label
RCC.ADC12CLockSelection=RCC_ADC12CLKSOURCE_PLL
NVIC.MemoryManagement_IRQn=true\:0\:0\:false\:false\:true\:false\:false
PC12.GPIO_Label=gpio_fl
ProjectManager.CompilerOptimize=6
PA11.Signal=USB_DM
SH.SharedAnalog_PB11.1=ADC2_IN14,IN14-Single-Ended
SH.SharedAnalog_PB11.0=OPAMP4_VINP,Follower_Internally_Connected
ProjectManager.HeapSize=0x2000
Mcu.Pin15=PA7
NVIC.HardFault_IRQn=true\:0\:0\:false\:false\:true\:false\:false
Mcu.Pin16=PC4
ADC3.EOCSelection=ADC_EOC_SEQ_CONV
Mcu.Pin13=PA5
Dma.SPI3_RX.1.Mode=DMA_NORMAL
Mcu.Pin14=PA6
Mcu.Pin19=PB12
ProjectManager.ComputerToolchain=false
Mcu.Pin17=PC5
Mcu.Pin18=PB11
NVIC.PriorityGroup=NVIC_PRIORITYGROUP_4
Mcu.Pin11=PA2
Mcu.Pin12=PA4
Mcu.Pin10=PA1
ADC1.EnableRegularConversion=ENABLE
RCC.PWRFreq_Value=170000000
VP_RCC_VS_USB.Signal=RCC_VS_USB
NVIC.DMA1_Channel1_IRQn=true\:0\:0\:false\:false\:true\:false\:true
PF0-OSC_IN.Signal=RCC_OSC_IN
PD2.Signal=GPIO_Output
Dma.SPI3_RX.1.SyncSignalID=NONE
RCC.I2C2Freq_Value=170000000
HRTIM1.OCChannel_TD1=HRTIM_OUTPUT_TD1
PC0.Locked=true
PC1.Signal=GPIO_Input
PD2.GPIO_Label=gpio_ml
TIM1.PeriodNoDither=main_loop_period-1
SH.SharedAnalog_PB12.ConfNb=2
HRTIM1.IPParameters=ADCTrigger_Id1,ADCTrigger_Id2,UpDownMode-Output_TF1TF2,Configuration_TF,EnableCalibration,PWMChannel_TF1,PWMChannel_TF2,Periode_TF,PrescalerRatio_TF,ADCTrigger_Id3,NumberADCTriggerSource1,ADCTrigger1_Source1,NumberADCTriggerSource2,ADCTrigger2_Source1,ADCTrigger_Id6,OCChannel_TF1,ADCTrigger_Id7,OCMode_TF1,OCPulse_TF1,OCChannel_TF2,OCMode_TF2,OCPulse_TF2,Configuration_TE,Periode_TE,UpDownMode-Output_TE1TE2,OCChannel_TE1,OCMode_TE1,OCPulse_TE1,ADCTrigger_Id5,Source_ADCTrigger5,ORingUpdateSource_ADCTrigger5,postscaler5,Configuration_TD,Periode_TD,UpDownMode-Output_TD1TD2,OCChannel_TD1,OCMode_TD1,OCPulse_TD1,OCPolarity_TD1,OCPolarity_TE1,OCPolarity_TF1,Adrom_TF,ORingUpdateSource_ADCTrigger1
Mcu.Family=STM32G4
PC3.Mode=IN9-Single-Ended
ProjectManager.MainLocation=Src
Dma.SPI3_TX.0.MemInc=DMA_MINC_ENABLE
ADC3.EnableRegularConversion=DISABLE
PA6.Mode=Full_Duplex_Master
SH.S_TIM4_CH2.ConfNb=1
RCC.SAI1Freq_Value=170000000
RCC.CortexFreq_Value=170000000
ProjectManager.KeepUserCode=true
Mcu.UserName=STM32G474RETx
ADC1.Overrun=ADC_OVR_DATA_OVERWRITTEN
Dma.SPI3_TX.0.SyncEnable=DISABLE
PC10.Locked=true
PC10.Signal=GPIO_Input
TIM5.EncoderMode=TIM_ENCODERMODE_TI12
PC5.Locked=true
ProjectManager.functionlistsort=1-MX_GPIO_Init-GPIO-false-HAL-true,2-SystemClock_Config-RCC-false-HAL-false,3-MX_USART1_UART_Init-USART1-false-HAL-true,4-MX_HRTIM1_Init-HRTIM1-false-HAL-true,5-MX_ADC1_Init-ADC1-false-HAL-true,6-MX_ADC2_Init-ADC2-false-HAL-true,7-MX_ADC3_Init-ADC3-false-HAL-true,8-MX_TIM5_Init-TIM5-false-HAL-true,9-MX_SPI1_Init-SPI1-false-HAL-true,10-MX_SPI3_Init-SPI3-false-HAL-true,11-MX_DMA_Init-DMA-false-HAL-true,12-MX_ADC4_Init-ADC4-false-HAL-true,13-MX_ADC5_Init-ADC5-false-HAL-true,14-MX_OPAMP3_Init-OPAMP3-false-HAL-true,15-MX_OPAMP4_Init-OPAMP4-false-HAL-true,16-MX_OPAMP6_Init-OPAMP6-false-HAL-true,17-MX_USB_PCD_Init-USB-false-HAL-true,18-MX_TIM1_Init-TIM1-false-HAL-true,19-MX_TIM4_Init-TIM4-false-HAL-true
PC0.GPIOParameters=GPIO_Label
ADC5.ClockPrescaler=ADC_CLOCK_SYNC_PCLK_DIV4
SH.S_TIM5_CH2.0=TIM5_CH2,Encoder_Interface
ADC5.ExternalTrigInjecConv=ADC_EXTERNALTRIGINJEC_HRTIM_TRG5
NVIC.USB_HP_IRQn=true\:0\:0\:false\:false\:true\:true\:true
PC0.GPIO_Label=hall1
PA11.Mode=Device
PD2.GPIO_Speed=GPIO_SPEED_FREQ_VERY_HIGH
RCC.USART2Freq_Value=170000000
PD2.Locked=true
ADC3.InjectedRank-5\#ChannelInjectedConversion=1
ADC5.InjectedChannel-5\#ChannelInjectedConversion=ADC_CHANNEL_VOPAMP4
Dma.SPI3_TX.0.PeriphDataAlignment=DMA_PDATAALIGN_BYTE
PC1.Locked=true
PB11.Signal=SharedAnalog_PB11
PB15.Signal=HRTIM1_CHD2
ProjectManager.StackSize=0x4000
PB5.GPIOParameters=GPIO_Speed
ADC3.InjectedChannel-6\#ChannelInjectedConversion=ADC_CHANNEL_5
ADC4.Overrun=ADC_OVR_DATA_OVERWRITTEN
HRTIM1.UpDownMode-Output_TF1TF2=HRTIM_TIMERUPDOWNMODE_UPDOWN
RCC.I2C3Freq_Value=170000000
Mcu.IP4=ADC5
Mcu.IP5=DMA
RCC.FCLKCortexFreq_Value=170000000
Mcu.IP2=ADC3
Mcu.IP3=ADC4
Dma.SPI3_RX.1.Polarity=HAL_DMAMUX_REQ_GEN_RISING
Mcu.IP0=ADC1
PB4.GPIOParameters=GPIO_Speed
PA15.GPIO_Label=gpio_spi3_cs
Mcu.IP1=ADC2
PA12.Signal=USB_DP
Mcu.UserConstants=hrperiod,27200*2;main_loop_period,170e6/10000
SPI3.CLKPolarity=SPI_POLARITY_LOW
PC1.GPIOParameters=GPIO_Label
ADC3.Rank2_Channel=ADC_CHANNEL_5
Mcu.ThirdPartyNb=0
RCC.HCLKFreq_Value=170000000
Mcu.IPNb=20
ProjectManager.PreviousToolchain=
SH.S_TIM5_CH3.0=TIM5_CH3,Input_Capture3_from_TI3
Dma.SPI3_RX.1.RequestNumber=1
Mcu.Pin6=PC1
Mcu.Pin7=PC2
Mcu.Pin8=PC3
Mcu.Pin9=PA0
ADC4.InjectedSamplingTime-3\#ChannelInjectedConversion=ADC_SAMPLETIME_12CYCLES_5
ADC3.InjectedChannel-5\#ChannelInjectedConversion=ADC_CHANNEL_VOPAMP3_ADC3
HRTIM1.ORingUpdateSource_ADCTrigger5=HRTIM_ADCTRIGGERUPDATE_TIMER_F
RCC.AHBFreq_Value=170000000
Mcu.Pin0=PC14-OSC32_IN
VP_ADC4_OPAMP_INTERNAL6.Signal=ADC4_OPAMP_INTERNAL6
SPI3.DataSize=SPI_DATASIZE_8BIT
Mcu.Pin1=PC15-OSC32_OUT
Mcu.Pin2=PF0-OSC_IN
HRTIM1.ORingUpdateSource_ADCTrigger1=HRTIM_ADCTRIGGERUPDATE_TIMER_F
Mcu.Pin3=PF1-OSC_OUT
Mcu.Pin4=PG10-NRST
Mcu.Pin5=PC0
ADC1.ExternalTrigInjecConv=ADC_EXTERNALTRIGINJEC_HRTIM_TRG5
RCC.HSE_VALUE=24000000
NVIC.DebugMonitor_IRQn=true\:0\:0\:false\:false\:true\:false\:false
ADC3.InjNumberOfConversion=2
OPAMP6.PowerMode=OPAMP_POWERMODE_HIGHSPEED
Mcu.IP10=OPAMP6
NVIC.SysTick_IRQn=true\:0\:0\:false\:false\:true\:false\:true
Mcu.IP12=SPI1
HRTIM1.OCMode_TE1=HRTIM_BASICOCMODE_ACTIVE
Mcu.IP11=RCC
Mcu.IP18=USART1
Mcu.IP17=TIM5
Mcu.IP19=USB
Mcu.IP14=SYS
PB4.Mode=Full_Duplex_Master
Mcu.IP13=SPI3
Mcu.IP16=TIM4
Mcu.IP15=TIM1
PC14-OSC32_IN.Mode=LSE-External-Oscillator
RCC.VCOInputFreq_Value=4000000
ADC1.InjectedChannel-7\#ChannelInjectedConversion=ADC_CHANNEL_11
PC11.GPIO_Label=gpio_drv_en
PB5.Mode=Full_Duplex_Master
File.Version=6
ADC1.InjectedSamplingTime-7\#ChannelInjectedConversion=ADC_SAMPLETIME_12CYCLES_5
VP_SYS_VS_DBSignals.Mode=DisableDeadBatterySignals
ADC5.EnableInjectedConversion=ENABLE
PB3.GPIOParameters=GPIO_Speed
PB7.Signal=S_TIM4_CH2
HRTIM1.OCMode_TF1=HRTIM_BASICOCMODE_ACTIVE
HRTIM1.OCMode_TF2=HRTIM_BASICOCMODE_INACTIVE
OPAMP4.PowerMode=OPAMP_POWERMODE_HIGHSPEED
Dma.RequestsNb=2
HRTIM1.OCPolarity_TD1=HRTIM_OUTPUTPOLARITY_HIGH
Dma.SPI3_TX.0.MemDataAlignment=DMA_MDATAALIGN_BYTE
RCC.CRSFreq_Value=48000000
ProjectManager.ProjectName=bort2
PA13.GPIOParameters=GPIO_Label
PB7.GPIO_Label=led_g
ADC3.master=1
ADC2.InjectedOffsetNumber-7\#ChannelInjectedConversion=ADC_OFFSET_NONE
PA6.Signal=SPI1_MISO
VP_RCC_VS_USB.Mode=USB_FS
PA7.Locked=true
ProjectManager.ToolChainLocation=
ADC3.InjectedOffsetNumber-6\#ChannelInjectedConversion=ADC_OFFSET_NONE
RCC.LSI_VALUE=32000
HRTIM1.OCPolarity_TE1=HRTIM_OUTPUTPOLARITY_HIGH
PA15.Signal=GPIO_Output
HRTIM1.ADCTrigger1_Source1=HRTIM_ADCTRIGGEREVENT13_TIMERF_RESET
ADC3.ClockPrescaler=ADC_CLOCK_SYNC_PCLK_DIV4
PB9.GPIO_Speed=GPIO_SPEED_FREQ_VERY_HIGH
Dma.Request1=SPI3_RX
Dma.SPI3_TX.0.Polarity=HAL_DMAMUX_REQ_GEN_RISING
SH.S_TIM5_CH1.0=TIM5_CH1,Encoder_Interface
PC4.Locked=true
HRTIM1.OCMode_TD1=HRTIM_BASICOCMODE_ACTIVE
SPI3.IPParameters=VirtualType,Mode,Direction,BaudRatePrescaler,CalculateBaudRate,DataSize,CLKPolarity,CLKPhase
PC5.Signal=USART1_RX
RCC.CK48CLockSelection=RCC_USBCLKSOURCE_HSI48
VP_ADC5_OPAMP_INTERNAL4.Signal=ADC5_OPAMP_INTERNAL4
PF1-OSC_OUT.Mode=HSE-External-Oscillator
ADC4.InjNumberOfConversion=1
Dma.Request0=SPI3_TX
SPI1.BaudRatePrescaler=SPI_BAUDRATEPRESCALER_64
Dma.SPI3_RX.1.SyncEnable=DISABLE
PC2.GPIO_Label=hall3
HRTIM1.UpDownMode-Output_TE1TE2=HRTIM_TIMERUPDOWNMODE_UPDOWN
HRTIM1.OCPolarity_TF1=HRTIM_OUTPUTPOLARITY_HIGH
PC14-OSC32_IN.Locked=true
PB15.Locked=true
PB3.Locked=true
PB4.Signal=SPI3_MISO
ADC2.Rank1_Channel=ADC_CHANNEL_14
PB7.GPIO_Speed=GPIO_SPEED_FREQ_VERY_HIGH
PA2.Locked=true
HRTIM1.ADCTrigger_Id7=__NULL
ADC2.ClockPrescaler=ADC_CLOCK_SYNC_PCLK_DIV4
RCC.PLLSourceVirtual=RCC_PLLSOURCE_HSE
PC15-OSC32_OUT.Mode=LSE-External-Oscillator
RCC.I2SFreq_Value=170000000
TIM5.IC2Filter=1
ADC2.ExternalTrigInjecConv=ADC_EXTERNALTRIGINJEC_HRTIM_TRG5
PA7.Mode=Full_Duplex_Master
PB9.GPIO_Label=gpio_usb
PC10.GPIO_Label=gpio_drv_fault
ADC1.Rank-10\#ChannelRegularConversion=1
ProjectManager.NoMain=false
Dma.SPI3_RX.1.SignalID=NONE
SPI1.IPParameters=VirtualType,Mode,Direction,BaudRatePrescaler,CalculateBaudRate,VirtualNSS,DataSize,TIMode
Dma.SPI3_TX.0.RequestParameters=Instance,Direction,PeriphInc,MemInc,PeriphDataAlignment,MemDataAlignment,Mode,Priority,SignalID,Polarity,RequestNumber,SyncSignalID,SyncPolarity,SyncEnable,EventEnable,SyncRequestNumber
ADC3.Rank1_Channel=ADC_CHANNEL_VOPAMP3_ADC3
HRTIM1.ADCTrigger2_Source1=HRTIM_ADCTRIGGEREVENT24_TIMERF_PERIOD
PC11.Signal=GPIO_Output
Dma.SPI3_TX.0.EventEnable=DISABLE
TIM4.PeriodNoDither=0xFFFF
PC8.Signal=HRTIM1_CHE1
PC4.Signal=USART1_TX
ADC4.ExternalTrigInjecConv=ADC_EXTERNALTRIGINJEC_HRTIM_TRG5
RCC.EXTERNAL_CLOCK_VALUE=12288000
ProjectManager.DefaultFWLocation=true
ADC2.EnableRegularConversion=DISABLE
Dma.SPI3_RX.1.PeriphInc=DMA_PINC_DISABLE
PB12.Locked=true
Dma.SPI3_RX.1.RequestParameters=Instance,Direction,PeriphInc,MemInc,PeriphDataAlignment,MemDataAlignment,Mode,Priority,SignalID,Polarity,RequestNumber,SyncSignalID,SyncPolarity,SyncEnable,EventEnable,SyncRequestNumber
ProjectManager.DeletePrevious=true
PF1-OSC_OUT.Locked=true
Dma.SPI3_RX.1.Priority=DMA_PRIORITY_LOW
boardIOC=true
RCC.FamilyName=M
ADC1.InjectedOffsetNumber-7\#ChannelInjectedConversion=ADC_OFFSET_NONE
HRTIM1.PrescalerRatio_TF=HRTIM_PRESCALERRATIO_MUL32
PB9.GPIOParameters=GPIO_Speed,GPIO_Label
ADC5.InjectedRank-5\#ChannelInjectedConversion=1
PC12.GPIOParameters=GPIO_Speed,PinState,GPIO_Label
USART1.VirtualMode-Asynchronous=VM_ASYNC
PA13.Signal=SYS_JTMS-SWDIO
OPAMP3.PowerMode=OPAMP_POWERMODE_HIGHSPEED
PG10-NRST.Locked=true
NVIC.DMA1_Channel2_IRQn=true\:0\:0\:false\:false\:true\:false\:true
ProjectManager.TargetToolchain=Makefile
ADC4.InjectedRank-3\#ChannelInjectedConversion=1
PB7.GPIOParameters=GPIO_Speed,GPIO_Label
PC5.GPIOParameters=GPIO_Label
PC2.Locked=true
RCC.USBFreq_Value=48000000
PC15-OSC32_OUT.Signal=RCC_OSC32_OUT
PA1.Signal=S_TIM5_CH2
ADC4.InjectedChannel-3\#ChannelInjectedConversion=ADC_CHANNEL_VOPAMP6
PF0-OSC_IN.Mode=HSE-External-Oscillator
HRTIM1.ADCTrigger_Id2=__NULL
HRTIM1.ADCTrigger_Id1=HRTIM_ADCTRIGGER_1
HRTIM1.ADCTrigger_Id3=__NULL
HRTIM1.ADCTrigger_Id6=__NULL
board=NUCLEO-G474RE
HRTIM1.ADCTrigger_Id5=HRTIM_ADCTRIGGER_5
SPI3.CLKPhase=SPI_PHASE_2EDGE
RCC.VCOOutputFreq_Value=340000000
PB15.Mode=Output_TD1TD2
ADC3.Overrun=ADC_OVR_DATA_OVERWRITTEN
PA15.PinState=GPIO_PIN_SET
PB4.GPIO_Speed=GPIO_SPEED_FREQ_VERY_HIGH
TIM4.Channel-PWM\ Generation2\ CH2=TIM_CHANNEL_2
RCC.APB2Freq_Value=170000000
RCC.UART4Freq_Value=170000000
SPI3.CalculateBaudRate=10.625 MBits/s
PC11.PinState=GPIO_PIN_SET
MxCube.Version=5.6.0
VP_ADC4_OPAMP_INTERNAL6.Mode=IN-OPAMP6
RCC.FDCANFreq_Value=170000000
SPI3.BaudRatePrescaler=SPI_BAUDRATEPRESCALER_16
PC1.GPIO_Label=hall2
VP_SYS_VS_Systick.Mode=SysTick
ADC5.InjectedSamplingTime-5\#ChannelInjectedConversion=ADC_SAMPLETIME_12CYCLES_5
HRTIM1.postscaler5=0
RCC.UART5Freq_Value=170000000
ADC1.NbrOfConversion=1
RCC.IPParameters=ADC12CLockSelection,ADC12Freq_Value,ADC345CLockSelection,ADC345Freq_Value,AHBFreq_Value,APB1Freq_Value,APB1TimFreq_Value,APB2Freq_Value,APB2TimFreq_Value,CK48CLockSelection,CRSFreq_Value,CortexFreq_Value,EXTERNAL_CLOCK_VALUE,FCLKCortexFreq_Value,FDCANFreq_Value,FamilyName,HCLKFreq_Value,HRTIM1Freq_Value,HSE_VALUE,HSI48_VALUE,HSI_VALUE,I2C1Freq_Value,I2C2Freq_Value,I2C3Freq_Value,I2C4Freq_Value,I2SFreq_Value,LPTIM1Freq_Value,LPUART1Freq_Value,LSCOPinFreq_Value,LSI_VALUE,MCO1PinFreq_Value,PLLM,PLLN,PLLP,PLLPoutputFreq_Value,PLLQ,PLLQoutputFreq_Value,PLLRCLKFreq_Value,PLLSourceVirtual,PREFETCH_ENABLE,PWRFreq_Value,QSPIFreq_Value,RNGFreq_Value,RTCClockSelection,RTCFreq_Value,SAI1Freq_Value,SYSCLKFreq_VALUE,SYSCLKSource,UART4Freq_Value,UART5Freq_Value,USART1Freq_Value,USART2Freq_Value,USART3Freq_Value,USBFreq_Value,VCOInputFreq_Value,VCOOutputFreq_Value
Dma.SPI3_TX.0.SyncPolarity=HAL_DMAMUX_SYNC_NO_EVENT
ProjectManager.AskForMigrate=true
Mcu.Name=STM32G474R(B-C-E)Tx
PA2.Signal=S_TIM5_CH3
PA13.GPIO_Label=T_SWDIO
VP_ADC3_OPAMP_INTERNAL3.Mode=IN-OPAMP3
Mcu.IP8=OPAMP3
TIM5.PeriodNoDither=0xffffffff
Mcu.IP9=OPAMP4
Mcu.IP6=HRTIM1
ADC2.EnableInjectedConversion=ENABLE
Mcu.IP7=NVIC
ProjectManager.CoupleFile=false
PB3.Signal=SPI3_SCK
RCC.SYSCLKFreq_VALUE=170000000
PA1.Locked=true
PA12.Mode=Device
KeepUserPlacement=true
PC5.GPIO_Label=USART1_RX [STLINKV3E_VCP_TX]
Dma.SPI3_TX.0.SyncSignalID=NONE
PA13.Locked=true
PA15.GPIO_Speed=GPIO_SPEED_FREQ_VERY_HIGH
PA14.Signal=SYS_JTCK-SWCLK
Dma.SPI3_RX.1.Direction=DMA_PERIPH_TO_MEMORY
TIM5.IPParametersWithoutCheck=PeriodNoDither
RCC.HSI_VALUE=16000000
NVIC.TIM1_UP_TIM16_IRQn=true\:0\:0\:false\:false\:true\:true\:true
RCC.PLLP=RCC_PLLP_DIV6
RCC.PLLQ=RCC_PLLQ_DIV8
ADC1.NbrOfConversionFlag=1
HRTIM1.OCPulse_TE1=hrperiod/2
RCC.PLLM=RCC_PLLM_DIV6
RCC.PLLN=85
PB7.Locked=true
PC9.Signal=HRTIM1_CHE2
HRTIM1.Configuration_TF=Simple
HRTIM1.Configuration_TD=Simple
PC7.Mode=Output_TF1TF2
HRTIM1.Configuration_TE=Simple
RCC.APB1Freq_Value=170000000
PC12.GPIO_Speed=GPIO_SPEED_FREQ_VERY_HIGH
ADC1.ClockPrescaler=ADC_CLOCK_SYNC_PCLK_DIV4
ADC2.InjNumberOfConversion=1
PB11.Locked=true
ProjectManager.DeviceId=STM32G474RETx
HRTIM1.Periode_TD=hrperiod
PB12.Signal=SharedAnalog_PB12
HRTIM1.Periode_TE=hrperiod
ProjectManager.LibraryCopy=1
SH.S_TIM5_CH1.ConfNb=1
HRTIM1.Periode_TF=hrperiod
TIM5.Channel-Input_Capture3_from_TI3=TIM_CHANNEL_3
HRTIM1.OCPulse_TF1=hrperiod/2
PA7.Signal=SPI1_MOSI
HRTIM1.OCPulse_TF2=4000
PA6.Locked=true
